
Microsoft Visual Studio Solution File, Format Version 12.00
# Visual Studio Version 16
VisualStudioVersion = 16.0.31019.35
MinimumVisualStudioVersion = 10.0.40219.1
Project("{FAE04EC0-301F-11D3-BF4B-00C04F79EFBC}") = "Logica-Programacao", "Logica-Programacao\Logica-Programacao.csproj", "{4C0BB03B-F61B-43B8-B58A-ECCA4E75613C}"
EndProject
Project("{FAE04EC0-301F-11D3-BF4B-00C04F79EFBC}") = "POO", "POO\POO.csproj", "{D321DCC4-0F04-4682-B32F-F422E7074B14}"
EndProject
Global
	GlobalSection(SolutionConfigurationPlatforms) = preSolution
		Debug|Any CPU = Debug|Any CPU
		Release|Any CPU = Release|Any CPU
	EndGlobalSection
	GlobalSection(ProjectConfigurationPlatforms) = postSolution
		{4C0BB03B-F61B-43B8-B58A-ECCA4E75613C}.Debug|Any CPU.ActiveCfg = Debug|Any CPU
		{4C0BB03B-F61B-43B8-B58A-ECCA4E75613C}.Debug|Any CPU.Build.0 = Debug|Any CPU
		{4C0BB03B-F61B-43B8-B58A-ECCA4E75613C}.Release|Any CPU.ActiveCfg = Release|Any CPU
		{4C0BB03B-F61B-43B8-B58A-ECCA4E75613C}.Release|Any CPU.Build.0 = Release|Any CPU
		{D321DCC4-0F04-4682-B32F-F422E7074B14}.Debug|Any CPU.ActiveCfg = Debug|Any CPU
		{D321DCC4-0F04-4682-B32F-F422E7074B14}.Debug|Any CPU.Build.0 = Debug|Any CPU
		{D321DCC4-0F04-4682-B32F-F422E7074B14}.Release|Any CPU.ActiveCfg = Release|Any CPU
		{D321DCC4-0F04-4682-B32F-F422E7074B14}.Release|Any CPU.Build.0 = Release|Any CPU
	EndGlobalSection
	GlobalSection(SolutionProperties) = preSolution
		HideSolutionNode = FALSE
	EndGlobalSection
	GlobalSection(ExtensibilityGlobals) = postSolution
		SolutionGuid = {8CA0BE2A-A997-4142-B1F7-D946FC4B0A76}
	EndGlobalSection
EndGlobal
